
Microsoft Visual Studio Solution File, Format Version 12.00
# Visual Studio Version 17
VisualStudioVersion = 17.1.32210.238
MinimumVisualStudioVersion = 10.0.40219.1
Project("{FAE04EC0-301F-11D3-BF4B-00C04F79EFBC}") = "Lab2_10_1", "Lab2_10_1.csproj", "{6151F49E-E488-426D-9004-F59B272AEBF4}"
EndProject
Global
	GlobalSection(SolutionConfigurationPlatforms) = preSolution
		Debug|Any CPU = Debug|Any CPU
		Release|Any CPU = Release|Any CPU
	EndGlobalSection
	GlobalSection(ProjectConfigurationPlatforms) = postSolution
		{6151F49E-E488-426D-9004-F59B272AEBF4}.Debug|Any CPU.ActiveCfg = Debug|Any CPU
		{6151F49E-E488-426D-9004-F59B272AEBF4}.Debug|Any CPU.Build.0 = Debug|Any CPU
		{6151F49E-E488-426D-9004-F59B272AEBF4}.Release|Any CPU.ActiveCfg = Release|Any CPU
		{6151F49E-E488-426D-9004-F59B272AEBF4}.Release|Any CPU.Build.0 = Release|Any CPU
	EndGlobalSection
	GlobalSection(SolutionProperties) = preSolution
		HideSolutionNode = FALSE
	EndGlobalSection
	GlobalSection(ExtensibilityGlobals) = postSolution
		SolutionGuid = {48FA28D6-73EC-4260-AB20-176099388B7E}
	EndGlobalSection
EndGlobal
