
Microsoft Visual Studio Solution File, Format Version 12.00
# Visual Studio Version 16
VisualStudioVersion = 16.0.32126.315
MinimumVisualStudioVersion = 10.0.40219.1
Project("{FAE04EC0-301F-11D3-BF4B-00C04F79EFBC}") = "Lab2_7_19", "Lab2_7_19.csproj", "{F5006277-5E82-4A66-9E79-402FD9294EFD}"
EndProject
Global
	GlobalSection(SolutionConfigurationPlatforms) = preSolution
		Debug|Any CPU = Debug|Any CPU
		Release|Any CPU = Release|Any CPU
	EndGlobalSection
	GlobalSection(ProjectConfigurationPlatforms) = postSolution
		{F5006277-5E82-4A66-9E79-402FD9294EFD}.Debug|Any CPU.ActiveCfg = Debug|Any CPU
		{F5006277-5E82-4A66-9E79-402FD9294EFD}.Debug|Any CPU.Build.0 = Debug|Any CPU
		{F5006277-5E82-4A66-9E79-402FD9294EFD}.Release|Any CPU.ActiveCfg = Release|Any CPU
		{F5006277-5E82-4A66-9E79-402FD9294EFD}.Release|Any CPU.Build.0 = Release|Any CPU
	EndGlobalSection
	GlobalSection(SolutionProperties) = preSolution
		HideSolutionNode = FALSE
	EndGlobalSection
	GlobalSection(ExtensibilityGlobals) = postSolution
		SolutionGuid = {314535F8-E254-487C-A2CD-C257DC4DBAA2}
	EndGlobalSection
EndGlobal
