
Microsoft Visual Studio Solution File, Format Version 12.00
# Visual Studio Version 16
VisualStudioVersion = 16.0.32106.194
MinimumVisualStudioVersion = 10.0.40219.1
Project("{FAE04EC0-301F-11D3-BF4B-00C04F79EFBC}") = "Lab2_8_1", "Lab2_8_1.csproj", "{9CB598F7-720F-4397-B68C-EB296019B197}"
EndProject
Global
	GlobalSection(SolutionConfigurationPlatforms) = preSolution
		Debug|Any CPU = Debug|Any CPU
		Release|Any CPU = Release|Any CPU
	EndGlobalSection
	GlobalSection(ProjectConfigurationPlatforms) = postSolution
		{9CB598F7-720F-4397-B68C-EB296019B197}.Debug|Any CPU.ActiveCfg = Debug|Any CPU
		{9CB598F7-720F-4397-B68C-EB296019B197}.Debug|Any CPU.Build.0 = Debug|Any CPU
		{9CB598F7-720F-4397-B68C-EB296019B197}.Release|Any CPU.ActiveCfg = Release|Any CPU
		{9CB598F7-720F-4397-B68C-EB296019B197}.Release|Any CPU.Build.0 = Release|Any CPU
	EndGlobalSection
	GlobalSection(SolutionProperties) = preSolution
		HideSolutionNode = FALSE
	EndGlobalSection
	GlobalSection(ExtensibilityGlobals) = postSolution
		SolutionGuid = {629E28C0-AD0C-4D32-B508-E0E5D562E52C}
	EndGlobalSection
EndGlobal
