
Microsoft Visual Studio Solution File, Format Version 12.00
# Visual Studio Version 16
VisualStudioVersion = 16.0.32106.194
MinimumVisualStudioVersion = 10.0.40219.1
Project("{FAE04EC0-301F-11D3-BF4B-00C04F79EFBC}") = "Lab2_5_1", "Lab2_5_1.csproj", "{FDBEDE93-A0F0-4852-A6E4-4F2C137EE906}"
EndProject
Global
	GlobalSection(SolutionConfigurationPlatforms) = preSolution
		Debug|Any CPU = Debug|Any CPU
		Release|Any CPU = Release|Any CPU
	EndGlobalSection
	GlobalSection(ProjectConfigurationPlatforms) = postSolution
		{FDBEDE93-A0F0-4852-A6E4-4F2C137EE906}.Debug|Any CPU.ActiveCfg = Debug|Any CPU
		{FDBEDE93-A0F0-4852-A6E4-4F2C137EE906}.Debug|Any CPU.Build.0 = Debug|Any CPU
		{FDBEDE93-A0F0-4852-A6E4-4F2C137EE906}.Release|Any CPU.ActiveCfg = Release|Any CPU
		{FDBEDE93-A0F0-4852-A6E4-4F2C137EE906}.Release|Any CPU.Build.0 = Release|Any CPU
	EndGlobalSection
	GlobalSection(SolutionProperties) = preSolution
		HideSolutionNode = FALSE
	EndGlobalSection
	GlobalSection(ExtensibilityGlobals) = postSolution
		SolutionGuid = {119BB586-92E0-4BB4-8021-9624D280C9CE}
	EndGlobalSection
EndGlobal
