
Microsoft Visual Studio Solution File, Format Version 12.00
# Visual Studio Version 17
VisualStudioVersion = 17.1.32210.238
MinimumVisualStudioVersion = 10.0.40219.1
Project("{FAE04EC0-301F-11D3-BF4B-00C04F79EFBC}") = "Lab2_5_19", "Lab2_5_19.csproj", "{562E1240-2DD7-4B59-984E-16376AA93639}"
EndProject
Global
	GlobalSection(SolutionConfigurationPlatforms) = preSolution
		Debug|Any CPU = Debug|Any CPU
		Release|Any CPU = Release|Any CPU
	EndGlobalSection
	GlobalSection(ProjectConfigurationPlatforms) = postSolution
		{562E1240-2DD7-4B59-984E-16376AA93639}.Debug|Any CPU.ActiveCfg = Debug|Any CPU
		{562E1240-2DD7-4B59-984E-16376AA93639}.Debug|Any CPU.Build.0 = Debug|Any CPU
		{562E1240-2DD7-4B59-984E-16376AA93639}.Release|Any CPU.ActiveCfg = Release|Any CPU
		{562E1240-2DD7-4B59-984E-16376AA93639}.Release|Any CPU.Build.0 = Release|Any CPU
	EndGlobalSection
	GlobalSection(SolutionProperties) = preSolution
		HideSolutionNode = FALSE
	EndGlobalSection
	GlobalSection(ExtensibilityGlobals) = postSolution
		SolutionGuid = {E5050A0F-B7A4-48BD-A323-BBF6E184AB8D}
	EndGlobalSection
EndGlobal
