
Microsoft Visual Studio Solution File, Format Version 12.00
# Visual Studio Version 17
VisualStudioVersion = 17.1.32210.238
MinimumVisualStudioVersion = 10.0.40219.1
Project("{FAE04EC0-301F-11D3-BF4B-00C04F79EFBC}") = "Lab2_5_4", "Lab2_5_4.csproj", "{56F76953-E1AC-478D-BD71-B0262F050B76}"
EndProject
Global
	GlobalSection(SolutionConfigurationPlatforms) = preSolution
		Debug|Any CPU = Debug|Any CPU
		Release|Any CPU = Release|Any CPU
	EndGlobalSection
	GlobalSection(ProjectConfigurationPlatforms) = postSolution
		{56F76953-E1AC-478D-BD71-B0262F050B76}.Debug|Any CPU.ActiveCfg = Debug|Any CPU
		{56F76953-E1AC-478D-BD71-B0262F050B76}.Debug|Any CPU.Build.0 = Debug|Any CPU
		{56F76953-E1AC-478D-BD71-B0262F050B76}.Release|Any CPU.ActiveCfg = Release|Any CPU
		{56F76953-E1AC-478D-BD71-B0262F050B76}.Release|Any CPU.Build.0 = Release|Any CPU
	EndGlobalSection
	GlobalSection(SolutionProperties) = preSolution
		HideSolutionNode = FALSE
	EndGlobalSection
	GlobalSection(ExtensibilityGlobals) = postSolution
		SolutionGuid = {0D9089B4-1E6A-43BA-BF6B-15AF274992ED}
	EndGlobalSection
EndGlobal
