
Microsoft Visual Studio Solution File, Format Version 12.00
# Visual Studio Version 17
VisualStudioVersion = 17.1.32210.238
MinimumVisualStudioVersion = 10.0.40219.1
Project("{FAE04EC0-301F-11D3-BF4B-00C04F79EFBC}") = "Lab2_6_14", "Lab2_6_14.csproj", "{4035D0C9-9F93-4EF0-A57D-0BAFD68003D7}"
EndProject
Global
	GlobalSection(SolutionConfigurationPlatforms) = preSolution
		Debug|Any CPU = Debug|Any CPU
		Release|Any CPU = Release|Any CPU
	EndGlobalSection
	GlobalSection(ProjectConfigurationPlatforms) = postSolution
		{4035D0C9-9F93-4EF0-A57D-0BAFD68003D7}.Debug|Any CPU.ActiveCfg = Debug|Any CPU
		{4035D0C9-9F93-4EF0-A57D-0BAFD68003D7}.Debug|Any CPU.Build.0 = Debug|Any CPU
		{4035D0C9-9F93-4EF0-A57D-0BAFD68003D7}.Release|Any CPU.ActiveCfg = Release|Any CPU
		{4035D0C9-9F93-4EF0-A57D-0BAFD68003D7}.Release|Any CPU.Build.0 = Release|Any CPU
	EndGlobalSection
	GlobalSection(SolutionProperties) = preSolution
		HideSolutionNode = FALSE
	EndGlobalSection
	GlobalSection(ExtensibilityGlobals) = postSolution
		SolutionGuid = {519ACE88-53E4-41C7-B127-81D0C612DC1D}
	EndGlobalSection
EndGlobal
