
Microsoft Visual Studio Solution File, Format Version 12.00
# Visual Studio Version 16
VisualStudioVersion = 16.0.31624.102
MinimumVisualStudioVersion = 10.0.40219.1
Project("{FAE04EC0-301F-11D3-BF4B-00C04F79EFBC}") = "Lab2_2_1", "Lab2_2_1.csproj", "{451975C8-070C-4399-868D-F9F2690EC9AD}"
EndProject
Global
	GlobalSection(SolutionConfigurationPlatforms) = preSolution
		Debug|Any CPU = Debug|Any CPU
		Release|Any CPU = Release|Any CPU
	EndGlobalSection
	GlobalSection(ProjectConfigurationPlatforms) = postSolution
		{451975C8-070C-4399-868D-F9F2690EC9AD}.Debug|Any CPU.ActiveCfg = Debug|Any CPU
		{451975C8-070C-4399-868D-F9F2690EC9AD}.Debug|Any CPU.Build.0 = Debug|Any CPU
		{451975C8-070C-4399-868D-F9F2690EC9AD}.Release|Any CPU.ActiveCfg = Release|Any CPU
		{451975C8-070C-4399-868D-F9F2690EC9AD}.Release|Any CPU.Build.0 = Release|Any CPU
	EndGlobalSection
	GlobalSection(SolutionProperties) = preSolution
		HideSolutionNode = FALSE
	EndGlobalSection
	GlobalSection(ExtensibilityGlobals) = postSolution
		SolutionGuid = {8BBEF60A-259A-44BA-BE26-8D5E7755A622}
	EndGlobalSection
EndGlobal
